PODS:
  - Alamofire (5.4.1)
  - SnapKit (5.0.1)

DEPENDENCIES:
  - Alamofire
  - SnapKit

SPEC REPOS:
  trunk:
    - Alamofire
    - SnapKit

SPEC CHECKSUMS:
  Alamofire: 2291f7d21ca607c491dd17642e5d40fdcda0e65c
  SnapKit: 97b92857e3df3a0c71833cce143274bf6ef8e5eb

PODFILE CHECKSUM: 1b8550d9f7bb5d030a13f647480c646016dce22b

COCOAPODS: 1.9.3
